[[package]]
category = "main"
description = "Async http client/server framework (asyncio)"
name = "aiohttp"
optional = false
python-versions = ">=3.5.3"
version = "3.6.2"

[package.dependencies]
async-timeout = ">=3.0,<4.0"
attrs = ">=17.3.0"
chardet = ">=2.0,<4.0"
multidict = ">=4.5,<5.0"
yarl = ">=1.0,<2.0"

[package.extras]
speedups = ["aiodns", "brotlipy", "cchardet"]

[[package]]
category = "main"
description = "Python async client for Redis key-value store"
name = "aredis"
optional = false
python-versions = "*"
version = "1.1.8"

[[package]]
category = "main"
description = "An AST unparser for Python"
name = "astunparse"
optional = false
python-versions = "*"
version = "1.6.3"

[package.dependencies]
six = ">=1.6.1,<2.0"
wheel = ">=0.23.0,<1.0"

[[package]]
category = "main"
description = "Timeout context manager for asyncio programs"
name = "async-timeout"
optional = false
python-versions = ">=3.5.3"
version = "3.0.1"

[[package]]
category = "main"
description = "An asyncio PostgreSQL driver"
name = "asyncpg"
optional = false
python-versions = ">=3.5.0"
version = "0.21.0"

[package.extras]
dev = ["Cython (0.29.20)", "pytest (>=3.6.0)", "Sphinx (>=1.7.3,<1.8.0)", "sphinxcontrib-asyncio (>=0.2.0,<0.3.0)", "sphinx-rtd-theme (>=0.2.4,<0.3.0)", "pycodestyle (>=2.5.0,<2.6.0)", "flake8 (>=3.7.9,<3.8.0)", "uvloop (>=0.14.0,<0.15.0)"]
docs = ["Sphinx (>=1.7.3,<1.8.0)", "sphinxcontrib-asyncio (>=0.2.0,<0.3.0)", "sphinx-rtd-theme (>=0.2.4,<0.3.0)"]
test = ["pycodestyle (>=2.5.0,<2.6.0)", "flake8 (>=3.7.9,<3.8.0)", "uvloop (>=0.14.0,<0.15.0)"]

[[package]]
category = "main"
description = "Classes Without Boilerplate"
name = "attrs"
optional = false
python-versions = ">=2.7, !=3.0.*, !=3.1.*, !=3.2.*, !=3.3.*"
version = "20.1.0"

[package.extras]
dev = ["coverage (>=5.0.2)", "hypothesis", "pympler", "pytest (>=4.3.0)", "six", "zope.interface", "sphinx", "sphinx-rtd-theme", "pre-commit"]
docs = ["sphinx", "sphinx-rtd-theme", "zope.interface"]
tests = ["coverage (>=5.0.2)", "hypothesis", "pympler", "pytest (>=4.3.0)", "six", "zope.interface"]

[[package]]
category = "main"
description = "Bash-style brace expansion for Python"
name = "braceexpand"
optional = false
python-versions = "*"
version = "0.1.5"

[[package]]
category = "main"
description = "Python package for providing Mozilla's CA Bundle."
name = "certifi"
optional = false
python-versions = "*"
version = "2020.6.20"

[[package]]
category = "main"
description = "Universal encoding detector for Python 2 and 3"
name = "chardet"
optional = false
python-versions = "*"
version = "3.0.4"

[[package]]
category = "main"
description = "Composable command line interface toolkit"
name = "click"
optional = false
python-versions = ">=2.7, !=3.0.*, !=3.1.*, !=3.2.*, !=3.3.*, !=3.4.*"
version = "7.1.2"

[[package]]
category = "main"
description = "An extension module to make reaction based menus with discord.py"
name = "discord-ext-menus"
optional = false
python-versions = ">=3.5.3"
version = "1.0.0a31+gc742658"

[package.dependencies]
"discord.py" = ">=1.2.5"

[package.source]
reference = "c742658a393f432853b7b7b5b8f00a7aa544222c"
type = "git"
url = "https://github.com/LightSage/discord-ext-menus"
[[package]]
category = "main"
description = "A Discord.py extension allowing you to pass flags as arguments."
name = "discord-flags"
optional = false
python-versions = "*"
version = "2.1.1"

[package.dependencies]
"discord.py" = ">=1.2.5"

[[package]]
category = "main"
description = "A Python wrapper for the Discord API"
name = "discord.py"
optional = false
python-versions = ">=3.5.3"
version = "1.4.1"

[package.dependencies]
aiohttp = ">=3.6.0,<3.7.0"

[package.extras]
docs = ["sphinx (1.8.5)", "sphinxcontrib_trio (1.1.1)", "sphinxcontrib-websupport"]
voice = ["PyNaCl (1.3.0)"]

[package.source]
reference = "4298819c31a80979b9a00dcee98ffbff3dfa5d32"
type = "git"
url = "https://github.com/LightSage/discord.py"
[[package]]
category = "main"
description = "Universal feed parser, handles RSS 0.9x, RSS 1.0, RSS 2.0, CDF, Atom 0.3, and Atom 1.0 feeds"
name = "feedparser"
optional = false
python-versions = "*"
version = "5.2.1"

[[package]]
category = "dev"
description = "the modular source code checker: pep8 pyflakes and co"
name = "flake8"
optional = false
python-versions = "!=3.0.*,!=3.1.*,!=3.2.*,!=3.3.*,>=2.7"
version = "3.8.3"

[package.dependencies]
mccabe = ">=0.6.0,<0.7.0"
pycodestyle = ">=2.6.0a1,<2.7.0"
pyflakes = ">=2.2.0,<2.3.0"

[package.dependencies.importlib-metadata]
python = "<3.8"
version = "*"

[[package]]
category = "main"
description = "Fuzzy string matching in python"
name = "fuzzywuzzy"
optional = false
python-versions = "*"
version = "0.18.0"

[package.dependencies]
[package.dependencies.python-levenshtein]
optional = true
version = ">=0.12"

[package.extras]
speedup = ["python-levenshtein (>=0.12)"]

[[package]]
category = "main"
description = "Python wrapper for hiredis"
name = "hiredis"
optional = false
python-versions = ">=2.7, !=3.0.*, !=3.1.*, !=3.2.*, !=3.3.*"
version = "1.1.0"

[[package]]
category = "main"
description = "Python humanize utilities"
name = "humanize"
optional = false
python-versions = ">=3.5"
version = "2.6.0"

[package.extras]
tests = ["freezegun", "pytest", "pytest-cov"]

[[package]]
category = "main"
description = "Internationalized Domain Names in Applications (IDNA)"
name = "idna"
optional = false
python-versions = ">=2.7, !=3.0.*, !=3.1.*, !=3.2.*, !=3.3.*"
version = "2.10"

[[package]]
category = "main"
description = "Parses a superset of Python allowing for inline module import expressions"
name = "import-expression"
optional = false
python-versions = "*"
version = "1.1.4"

[package.dependencies]
astunparse = ">=1.6.3,<2.0.0"

[package.extras]
test = ["pytest", "pytest-cov"]

[[package]]
category = "dev"
description = "Read metadata from Python packages"
marker = "python_version < \"3.8\""
name = "importlib-metadata"
optional = false
python-versions = "!=3.0.*,!=3.1.*,!=3.2.*,!=3.3.*,!=3.4.*,>=2.7"
version = "1.7.0"

[package.dependencies]
zipp = ">=0.5"

[package.extras]
docs = ["sphinx", "rst.linker"]
testing = ["packaging", "pep517", "importlib-resources (>=1.3)"]

[[package]]
category = "dev"
description = "A Python utility / library to sort Python imports."
name = "isort"
optional = false
python-versions = ">=3.6,<4.0"
version = "5.4.2"

[package.extras]
colors = ["colorama (>=0.4.3,<0.5.0)"]
pipfile_deprecated_finder = ["pipreqs", "requirementslib", "tomlkit (>=0.5.3)"]
requirements_deprecated_finder = ["pipreqs", "pip-api"]

[[package]]
category = "main"
description = "A discord.py extension including useful tools for bot development and debugging."
name = "jishaku"
optional = false
python-versions = ">=3.6.0"
version = "1.19.1.200"

[package.dependencies]
braceexpand = ">=0.1.5"
"discord.py" = ">=1.3.4"
humanize = "*"
import-expression = ">=1.0.0,<2.0.0"

[package.extras]
docs = ["sphinx (>=3.1.2)", "sphinxcontrib-asyncio"]
procinfo = ["psutil"]
test = ["coverage", "flake8", "isort (<4.3.5)", "pylint", "pytest", "pytest-cov", "pytest-mock"]
voice = ["PyNaCl (>=1.3.0)", "youtube-dl"]

[[package]]
category = "main"
description = "An Dict like LRU container."
name = "lru-dict"
optional = false
python-versions = "*"
version = "1.1.6"

[[package]]
category = "dev"
description = "McCabe checker, plugin for flake8"
name = "mccabe"
optional = false
python-versions = "*"
version = "0.6.1"

[[package]]
category = "main"
description = "multidict implementation"
name = "multidict"
optional = false
python-versions = ">=3.5"
version = "4.7.6"

[[package]]
category = "main"
description = "Parse human-readable date/time text."
name = "parsedatetime"
optional = false
python-versions = "*"
version = "2.6"

[[package]]
category = "main"
description = "Python Imaging Library (Fork)"
name = "pillow"
optional = false
python-versions = ">=3.5"
version = "7.2.0"

[[package]]
category = "main"
description = "Cross-platform lib for process and system monitoring in Python."
name = "psutil"
optional = false
python-versions = ">=2.6, !=3.0.*, !=3.1.*, !=3.2.*, !=3.3.*"
version = "5.7.2"

[package.extras]
test = ["ipaddress", "mock", "unittest2", "enum34", "pywin32", "wmi"]

[[package]]
category = "dev"
description = "Python style guide checker"
name = "pycodestyle"
optional = false
python-versions = ">=2.7, !=3.0.*, !=3.1.*, !=3.2.*, !=3.3.*"
version = "2.6.0"

[[package]]
category = "dev"
description = "passive checker of Python programs"
name = "pyflakes"
optional = false
python-versions = ">=2.7, !=3.0.*, !=3.1.*, !=3.2.*, !=3.3.*"
version = "2.2.0"

[[package]]
category = "main"
description = "Extensions to the standard Python datetime module"
name = "python-dateutil"
optional = false
python-versions = "!=3.0.*,!=3.1.*,!=3.2.*,>=2.7"
version = "2.8.1"

[package.dependencies]
six = ">=1.5"

[[package]]
category = "main"
description = "Python extension for computing string edit distances and similarities."
name = "python-levenshtein"
optional = false
python-versions = "*"
version = "0.12.0"

[package.dependencies]
setuptools = "*"

[[package]]
category = "main"
description = "Python client for Sentry (https://sentry.io)"
name = "sentry-sdk"
optional = false
python-versions = "*"
version = "0.16.5"

[package.dependencies]
certifi = "*"
urllib3 = ">=1.10.0"

[package.extras]
aiohttp = ["aiohttp (>=3.5)"]
beam = ["apache-beam (>=2.12)"]
bottle = ["bottle (>=0.12.13)"]
celery = ["celery (>=3)"]
django = ["django (>=1.8)"]
falcon = ["falcon (>=1.4)"]
flask = ["flask (>=0.11)", "blinker (>=1.1)"]
pure_eval = ["pure-eval", "executing", "asttokens"]
pyspark = ["pyspark (>=2.4.4)"]
rq = ["rq (>=0.6)"]
sanic = ["sanic (>=0.8)"]
sqlalchemy = ["sqlalchemy (>=1.2)"]
tornado = ["tornado (>=5)"]

[[package]]
category = "main"
description = "Python 2 and 3 compatibility utilities"
name = "six"
optional = false
python-versions = ">=2.7, !=3.0.*, !=3.1.*, !=3.2.*"
version = "1.15.0"

[[package]]
category = "main"
description = "Pretty-print tabular data"
name = "tabulate"
optional = false
python-versions = "*"
version = "0.8.7"

[package.extras]
widechars = ["wcwidth"]

[[package]]
category = "main"
description = "Python Library for Tom's Obvious, Minimal Language"
name = "toml"
optional = false
python-versions = "*"
version = "0.10.1"

[[package]]
category = "main"
description = "Backported and Experimental Type Hints for Python 3.5+"
marker = "python_version < \"3.8\""
name = "typing-extensions"
optional = false
python-versions = "*"
version = "3.7.4.2"

[[package]]
category = "main"
description = "HTTP library with thread-safe connection pooling, file post, and more."
name = "urllib3"
optional = false
python-versions = ">=2.7, !=3.0.*, !=3.1.*, !=3.2.*, !=3.3.*, !=3.4.*, <4"
version = "1.25.10"

[package.extras]
brotli = ["brotlipy (>=0.6.0)"]
secure = ["certifi", "cryptography (>=1.3.4)", "idna (>=2.0.0)", "pyOpenSSL (>=0.14)", "ipaddress"]
socks = ["PySocks (>=1.5.6,<1.5.7 || >1.5.7,<2.0)"]

[[package]]
category = "main"
description = "Fast implementation of asyncio event loop on top of libuv"
name = "uvloop"
optional = false
python-versions = "*"
version = "0.14.0"

[[package]]
category = "main"
description = "uwuifys text"
name = "uwuify"
optional = false
python-versions = ">=3.6"
version = "1.0.1"

[package.dependencies]
click = "*"

[[package]]
category = "main"
description = "A built-package format for Python"
name = "wheel"
optional = false
python-versions = "!=3.0.*,!=3.1.*,!=3.2.*,!=3.3.*,!=3.4.*,>=2.7"
version = "0.35.1"

[package.extras]
test = ["pytest (>=3.0.0)", "pytest-cov"]

[[package]]
category = "main"
description = "Yet another URL library"
name = "yarl"
optional = false
python-versions = ">=3.5"
version = "1.5.1"

[package.dependencies]
idna = ">=2.0"
multidict = ">=4.0"

[package.dependencies.typing-extensions]
python = "<3.8"
version = ">=3.7.4"

[[package]]
category = "dev"
description = "Backport of pathlib-compatible object wrapper for zip files"
marker = "python_version < \"3.8\""
name = "zipp"
optional = false
python-versions = ">=3.6"
version = "3.1.0"

[package.extras]
docs = ["sphinx", "jaraco.packaging (>=3.2)", "rst.linker (>=1.9)"]
testing = ["jaraco.itertools", "func-timeout"]

[metadata]
content-hash = "c1d54a47bca9afdc58bdfe119ad2f91db1573d2dfa9748384bf53dcedc52cc85"
lock-version = "1.0"
python-versions = "^3.7"

[metadata.files]
aiohttp = [
    {file = "aiohttp-3.6.2-cp35-cp35m-macosx_10_13_x86_64.whl", hash = "sha256:1e984191d1ec186881ffaed4581092ba04f7c61582a177b187d3a2f07ed9719e"},
    {file = "aiohttp-3.6.2-cp35-cp35m-manylinux1_x86_64.whl", hash = "sha256:50aaad128e6ac62e7bf7bd1f0c0a24bc968a0c0590a726d5a955af193544bcec"},
    {file = "aiohttp-3.6.2-cp36-cp36m-macosx_10_13_x86_64.whl", hash = "sha256:65f31b622af739a802ca6fd1a3076fd0ae523f8485c52924a89561ba10c49b48"},
    {file = "aiohttp-3.6.2-cp36-cp36m-manylinux1_x86_64.whl", hash = "sha256:ae55bac364c405caa23a4f2d6cfecc6a0daada500274ffca4a9230e7129eac59"},
    {file = "aiohttp-3.6.2-cp36-cp36m-win32.whl", hash = "sha256:344c780466b73095a72c616fac5ea9c4665add7fc129f285fbdbca3cccf4612a"},
    {file = "aiohttp-3.6.2-cp36-cp36m-win_amd64.whl", hash = "sha256:4c6efd824d44ae697814a2a85604d8e992b875462c6655da161ff18fd4f29f17"},
    {file = "aiohttp-3.6.2-cp37-cp37m-macosx_10_13_x86_64.whl", hash = "sha256:2f4d1a4fdce595c947162333353d4a44952a724fba9ca3205a3df99a33d1307a"},
    {file = "aiohttp-3.6.2-cp37-cp37m-manylinux1_x86_64.whl", hash = "sha256:6206a135d072f88da3e71cc501c59d5abffa9d0bb43269a6dcd28d66bfafdbdd"},
    {file = "aiohttp-3.6.2-cp37-cp37m-win32.whl", hash = "sha256:b778ce0c909a2653741cb4b1ac7015b5c130ab9c897611df43ae6a58523cb965"},
    {file = "aiohttp-3.6.2-cp37-cp37m-win_amd64.whl", hash = "sha256:32e5f3b7e511aa850829fbe5aa32eb455e5534eaa4b1ce93231d00e2f76e5654"},
    {file = "aiohttp-3.6.2-py3-none-any.whl", hash = "sha256:460bd4237d2dbecc3b5ed57e122992f60188afe46e7319116da5eb8a9dfedba4"},
    {file = "aiohttp-3.6.2.tar.gz", hash = "sha256:259ab809ff0727d0e834ac5e8a283dc5e3e0ecc30c4d80b3cd17a4139ce1f326"},
]
aredis = [
    {file = "aredis-1.1.8.tar.gz", hash = "sha256:880bcf91c4f89b919311cc93626bbc70901c6e5c4fdb3dcba643411e3ee40bcf"},
]
astunparse = [
    {file = "astunparse-1.6.3-py2.py3-none-any.whl", hash = "sha256:c2652417f2c8b5bb325c885ae329bdf3f86424075c4fd1a128674bc6fba4b8e8"},
    {file = "astunparse-1.6.3.tar.gz", hash = "sha256:5ad93a8456f0d084c3456d059fd9a92cce667963232cbf763eac3bc5b7940872"},
]
async-timeout = [
    {file = "async-timeout-3.0.1.tar.gz", hash = "sha256:0c3c816a028d47f659d6ff5c745cb2acf1f966da1fe5c19c77a70282b25f4c5f"},
    {file = "async_timeout-3.0.1-py3-none-any.whl", hash = "sha256:4291ca197d287d274d0b6cb5d6f8f8f82d434ed288f962539ff18cc9012f9ea3"},
]
asyncpg = [
    {file = "asyncpg-0.21.0-cp35-cp35m-macosx_10_13_x86_64.whl", hash = "sha256:09badce47a4645cfe523cc8a182bd047d5d62af0caaea77935e6a3c9e77dc364"},
    {file = "asyncpg-0.21.0-cp35-cp35m-manylinux1_i686.whl", hash = "sha256:6b7807bfedd24dd15cfb2c17c60977ce01410615ecc285268b5144a944ec97ff"},
    {file = "asyncpg-0.21.0-cp35-cp35m-manylinux1_x86_64.whl", hash = "sha256:dfd491e9865e64a3e91f1587b1d88d71dde1cfb850429253a73d4d44b98c3a0f"},
    {file = "asyncpg-0.21.0-cp35-cp35m-manylinux2014_aarch64.whl", hash = "sha256:8587e206d78e739ca83a40c9982e03b28f8904c95a54dc782da99e86cf768f73"},
    {file = "asyncpg-0.21.0-cp35-cp35m-win32.whl", hash = "sha256:b1b10916c006e5c2c0dcd5dadeb38cbf61ecd20d66c50164e82f31c22c7e329d"},
    {file = "asyncpg-0.21.0-cp35-cp35m-win_amd64.whl", hash = "sha256:22d161618b59e4b56fb2a5cc956aa9eeb336d07cae924a5b90c9aa1c2d137f15"},
    {file = "asyncpg-0.21.0-cp36-cp36m-macosx_10_13_x86_64.whl", hash = "sha256:f2d1aa890ffd1ad062a38b7ff7488764b3da4b0a24e0c83d7bbb1d1a6609df15"},
    {file = "asyncpg-0.21.0-cp36-cp36m-manylinux1_i686.whl", hash = "sha256:e7bfb9269aeb11d78d50accf1be46823683ced99209b7199e307cdf7da849522"},
    {file = "asyncpg-0.21.0-cp36-cp36m-manylinux1_x86_64.whl", hash = "sha256:68f7981f65317a5d5f497ec76919b488dbe0e838f8b924e7517a680bdca0f308"},
    {file = "asyncpg-0.21.0-cp36-cp36m-manylinux2014_aarch64.whl", hash = "sha256:a4c1feb285ec3807ecd5b54ab718a3d065bb55c93ebaf800670eadde31484be8"},
    {file = "asyncpg-0.21.0-cp36-cp36m-win32.whl", hash = "sha256:dddf4d4c5e781310a36529c3c87c1746837c2d2c7ec0f2ec4e4f06450d83c50a"},
    {file = "asyncpg-0.21.0-cp36-cp36m-win_amd64.whl", hash = "sha256:7ee29c4707eb8fb3d3a0348ac4495e06f4afaca3ee38c3bebedc9c8b239125ff"},
    {file = "asyncpg-0.21.0-cp37-cp37m-macosx_10_13_x86_64.whl", hash = "sha256:4421407b07b4e22291a226d9de0bf6f3ea8158aa1c12d83bfedbf5c22e13cd55"},
    {file = "asyncpg-0.21.0-cp37-cp37m-manylinux1_i686.whl", hash = "sha256:aa2e0cb14c01a2f58caeeca7196681b30aa22dd22c82845560b401df5e98e171"},
    {file = "asyncpg-0.21.0-cp37-cp37m-manylinux1_x86_64.whl", hash = "sha256:28584783dd0d21b2a0db3bfe54fb12f21425a4cc015e4419083ea99e6de0de9b"},
    {file = "asyncpg-0.21.0-cp37-cp37m-manylinux2014_aarch64.whl", hash = "sha256:915cebc8a7693c8a5e89804fa106678dbedcc50d0270ebab0b75f16e668bd59b"},
    {file = "asyncpg-0.21.0-cp37-cp37m-win32.whl", hash = "sha256:308b8ba32c42ea1ed84c034320678ec307296bb4faf3fbbeb9f9e20b46db99a5"},
    {file = "asyncpg-0.21.0-cp37-cp37m-win_amd64.whl", hash = "sha256:888593b6688faa7ec1c97ff7f2ca3b5a5b8abb15478fe2a13c5012b607a28737"},
    {file = "asyncpg-0.21.0-cp38-cp38-macosx_10_13_x86_64.whl", hash = "sha256:ecd5232cf64f58caac3b85103f1223fdf20e9eb43bfa053c56ef9e5dd76ab099"},
    {file = "asyncpg-0.21.0-cp38-cp38-manylinux1_i686.whl", hash = "sha256:3ade59cef35bffae6dbc6f5f3ef56e1d53c67f0a7adc3cc4c714f07568d2d717"},
    {file = "asyncpg-0.21.0-cp38-cp38-manylinux1_x86_64.whl", hash = "sha256:ea26604932719b3612541e606508d9d604211f56a65806ccf8c92c64104f4f8a"},
    {file = "asyncpg-0.21.0-cp38-cp38-manylinux2014_aarch64.whl", hash = "sha256:7e51d1a012b779e0ebf0195f80d004f65d3c60cc06f0fa1cef9d3e536262abbd"},
    {file = "asyncpg-0.21.0-cp38-cp38-win32.whl", hash = "sha256:615c7e3adb46e1f2e3aff45e4ee9401b4f24f9f7153e5530a0753369be72a5c6"},
    {file = "asyncpg-0.21.0-cp38-cp38-win_amd64.whl", hash = "sha256:823eca36108bd64a8600efe7bbf1230aa00f2defa3be42852f3b61ab40cf1226"},
    {file = "asyncpg-0.21.0.tar.gz", hash = "sha256:53cb2a0eb326f61e34ef4da2db01d87ce9c0ebe396f65a295829df334e31863f"},
]
attrs = [
    {file = "attrs-20.1.0-py2.py3-none-any.whl", hash = "sha256:2867b7b9f8326499ab5b0e2d12801fa5c98842d2cbd22b35112ae04bf85b4dff"},
    {file = "attrs-20.1.0.tar.gz", hash = "sha256:0ef97238856430dcf9228e07f316aefc17e8939fc8507e18c6501b761ef1a42a"},
]
braceexpand = [
    {file = "braceexpand-0.1.5-py2.py3-none-any.whl", hash = "sha256:ae6b7de1e88d3132177bd6cbda8b22487ea645b25c4ca5b1cf948b326ac27e34"},
    {file = "braceexpand-0.1.5.tar.gz", hash = "sha256:d3d932030c3ab4740b33df68a58d70f3a10368f33b3a56eb951da649bec0bb52"},
]
certifi = [
    {file = "certifi-2020.6.20-py2.py3-none-any.whl", hash = "sha256:8fc0819f1f30ba15bdb34cceffb9ef04d99f420f68eb75d901e9560b8749fc41"},
    {file = "certifi-2020.6.20.tar.gz", hash = "sha256:5930595817496dd21bb8dc35dad090f1c2cd0adfaf21204bf6732ca5d8ee34d3"},
]
chardet = [
    {file = "chardet-3.0.4-py2.py3-none-any.whl", hash = "sha256:fc323ffcaeaed0e0a02bf4d117757b98aed530d9ed4531e3e15460124c106691"},
    {file = "chardet-3.0.4.tar.gz", hash = "sha256:84ab92ed1c4d4f16916e05906b6b75a6c0fb5db821cc65e70cbd64a3e2a5eaae"},
]
click = [
    {file = "click-7.1.2-py2.py3-none-any.whl", hash = "sha256:dacca89f4bfadd5de3d7489b7c8a566eee0d3676333fbb50030263894c38c0dc"},
    {file = "click-7.1.2.tar.gz", hash = "sha256:d2b5255c7c6349bc1bd1e59e08cd12acbbd63ce649f2588755783aa94dfb6b1a"},
]
discord-ext-menus = []
discord-flags = [
    {file = "discord-flags-2.1.1.tar.gz", hash = "sha256:0fba0574fd21f29cb395f1bf66251d6f0b8415a50c160f1363589300e0174848"},
    {file = "discord_flags-2.1.1-py3-none-any.whl", hash = "sha256:91075d38cfe2a2b7be6cff656645ebbcde7ee3afe402c69d5163f2021f6c1d04"},
]
"discord.py" = []
feedparser = [
    {file = "feedparser-5.2.1.tar.bz2", hash = "sha256:ce875495c90ebd74b179855449040003a1beb40cd13d5f037a0654251e260b02"},
    {file = "feedparser-5.2.1.tar.gz", hash = "sha256:bd030652c2d08532c034c27fcd7c85868e7fa3cb2b17f230a44a6bbc92519bf9"},
    {file = "feedparser-5.2.1.zip", hash = "sha256:cd2485472e41471632ed3029d44033ee420ad0b57111db95c240c9160a85831c"},
]
flake8 = [
    {file = "flake8-3.8.3-py2.py3-none-any.whl", hash = "sha256:15e351d19611c887e482fb960eae4d44845013cc142d42896e9862f775d8cf5c"},
    {file = "flake8-3.8.3.tar.gz", hash = "sha256:f04b9fcbac03b0a3e58c0ab3a0ecc462e023a9faf046d57794184028123aa208"},
]
fuzzywuzzy = [
    {file = "fuzzywuzzy-0.18.0-py2.py3-none-any.whl", hash = "sha256:928244b28db720d1e0ee7587acf660ea49d7e4c632569cad4f1cd7e68a5f0993"},
    {file = "fuzzywuzzy-0.18.0.tar.gz", hash = "sha256:45016e92264780e58972dca1b3d939ac864b78437422beecebb3095f8efd00e8"},
]
hiredis = [
    {file = "hiredis-1.1.0-cp27-cp27m-macosx_10_6_intel.whl", hash = "sha256:289b31885b4996ce04cadfd5fc03d034dce8e2a8234479f7c9e23b9e245db06b"},
    {file = "hiredis-1.1.0-cp27-cp27m-manylinux1_i686.whl", hash = "sha256:7b0f63f10a166583ab744a58baad04e0f52cfea1ac27bfa1b0c21a48d1003c23"},
    {file = "hiredis-1.1.0-cp27-cp27m-manylinux1_x86_64.whl", hash = "sha256:6996883a8a6ff9117cbb3d6f5b0dcbbae6fb9e31e1a3e4e2f95e0214d9a1c655"},
    {file = "hiredis-1.1.0-cp27-cp27m-manylinux2010_i686.whl", hash = "sha256:b33aea449e7f46738811fbc6f0b3177c6777a572207412bbbf6f525ffed001ae"},
    {file = "hiredis-1.1.0-cp27-cp27m-manylinux2010_x86_64.whl", hash = "sha256:8daecd778c1da45b8bd54fd41ffcd471a86beed3d8e57a43acf7a8d63bba4058"},
    {file = "hiredis-1.1.0-cp27-cp27m-win32.whl", hash = "sha256:e82d6b930e02e80e5109b678c663a9ed210680ded81c1abaf54635d88d1da298"},
    {file = "hiredis-1.1.0-cp27-cp27m-win_amd64.whl", hash = "sha256:d2c0caffa47606d6d7c8af94ba42547bd2a441f06c74fd90a1ffe328524a6c64"},
    {file = "hiredis-1.1.0-cp27-cp27mu-manylinux1_i686.whl", hash = "sha256:47bcf3c5e6c1e87ceb86cdda2ee983fa0fe56a999e6185099b3c93a223f2fa9b"},
    {file = "hiredis-1.1.0-cp27-cp27mu-manylinux1_x86_64.whl", hash = "sha256:dcb2db95e629962db5a355047fb8aefb012df6c8ae608930d391619dbd96fd86"},
    {file = "hiredis-1.1.0-cp27-cp27mu-manylinux2010_i686.whl", hash = "sha256:7332d5c3e35154cd234fd79573736ddcf7a0ade7a986db35b6196b9171493e75"},
    {file = "hiredis-1.1.0-cp27-cp27mu-manylinux2010_x86_64.whl", hash = "sha256:6c96f64a54f030366657a54bb90b3093afc9c16c8e0dfa29fc0d6dbe169103a5"},
    {file = "hiredis-1.1.0-cp35-cp35m-macosx_10_6_intel.whl", hash = "sha256:b44f9421c4505c548435244d74037618f452844c5d3c67719d8a55e2613549da"},
    {file = "hiredis-1.1.0-cp35-cp35m-manylinux1_i686.whl", hash = "sha256:abfb15a6a7822f0fae681785cb38860e7a2cb1616a708d53df557b3d76c5bfd4"},
    {file = "hiredis-1.1.0-cp35-cp35m-manylinux1_x86_64.whl", hash = "sha256:89ebf69cb19a33d625db72d2ac589d26e936b8f7628531269accf4a3196e7872"},
    {file = "hiredis-1.1.0-cp35-cp35m-manylinux2010_i686.whl", hash = "sha256:5b1451727f02e7acbdf6aae4e06d75f66ee82966ff9114550381c3271a90f56c"},
    {file = "hiredis-1.1.0-cp35-cp35m-manylinux2010_x86_64.whl", hash = "sha256:7885b6f32c4a898e825bb7f56f36a02781ac4a951c63e4169f0afcf9c8c30dfb"},
    {file = "hiredis-1.1.0-cp35-cp35m-win32.whl", hash = "sha256:a04901757cb0fb0f5602ac11dda48f5510f94372144d06c2563ba56c480b467c"},
    {file = "hiredis-1.1.0-cp35-cp35m-win_amd64.whl", hash = "sha256:3bb9b63d319402cead8bbd9dd55dca3b667d2997e9a0d8a1f9b6cc274db4baee"},
    {file = "hiredis-1.1.0-cp36-cp36m-macosx_10_6_intel.whl", hash = "sha256:e0eeb9c112fec2031927a1745788a181d0eecbacbed941fc5c4f7bc3f7b273bf"},
    {file = "hiredis-1.1.0-cp36-cp36m-manylinux1_i686.whl", hash = "sha256:18402d9e54fb278cb9a8c638df6f1550aca36a009d47ecf5aa263a38600f35b0"},
    {file = "hiredis-1.1.0-cp36-cp36m-manylinux1_x86_64.whl", hash = "sha256:cdfd501c7ac5b198c15df800a3a34c38345f5182e5f80770caf362bccca65628"},
    {file = "hiredis-1.1.0-cp36-cp36m-manylinux2010_i686.whl", hash = "sha256:43b8ed3dbfd9171e44c554cb4acf4ee4505caa84c5e341858b50ea27dd2b6e12"},
    {file = "hiredis-1.1.0-cp36-cp36m-manylinux2010_x86_64.whl", hash = "sha256:c2851deeabd96d3f6283e9c6b26e0bfed4de2dc6fb15edf913e78b79fc5909ed"},
    {file = "hiredis-1.1.0-cp36-cp36m-win32.whl", hash = "sha256:955ba8ea73cf3ed8bd2f963b4cb9f8f0dcb27becd2f4b3dd536fd24c45533454"},
    {file = "hiredis-1.1.0-cp36-cp36m-win_amd64.whl", hash = "sha256:5263db1e2e1e8ae30500cdd75a979ff99dcc184201e6b4b820d0de74834d2323"},
    {file = "hiredis-1.1.0-cp37-cp37m-macosx_10_6_intel.whl", hash = "sha256:e154891263306200260d7f3051982774d7b9ef35af3509d5adbbe539afd2610c"},
    {file = "hiredis-1.1.0-cp37-cp37m-manylinux1_i686.whl", hash = "sha256:964f18a59f5a64c0170f684c417f4fe3e695a536612e13074c4dd5d1c6d7c882"},
    {file = "hiredis-1.1.0-cp37-cp37m-manylinux1_x86_64.whl", hash = "sha256:23344e3c2177baf6975fbfa361ed92eb7d36d08f454636e5054b3faa7c2aff8a"},
    {file = "hiredis-1.1.0-cp37-cp37m-manylinux2010_i686.whl", hash = "sha256:b27f082f47d23cffc4cf1388b84fdc45c4ef6015f906cd7e0d988d9e35d36349"},
    {file = "hiredis-1.1.0-cp37-cp37m-manylinux2010_x86_64.whl", hash = "sha256:aa0af2deb166a5e26e0d554b824605e660039b161e37ed4f01b8d04beec184f3"},
    {file = "hiredis-1.1.0-cp37-cp37m-win32.whl", hash = "sha256:819f95d4eba3f9e484dd115ab7ab72845cf766b84286a00d4ecf76d33f1edca1"},
    {file = "hiredis-1.1.0-cp37-cp37m-win_amd64.whl", hash = "sha256:2c1c570ae7bf1bab304f29427e2475fe1856814312c4a1cf1cd0ee133f07a3c6"},
    {file = "hiredis-1.1.0-cp38-cp38-macosx_10_9_x86_64.whl", hash = "sha256:9e9c9078a7ce07e6fce366bd818be89365a35d2e4b163268f0ca9ba7e13bb2f6"},
    {file = "hiredis-1.1.0-cp38-cp38-manylinux1_i686.whl", hash = "sha256:2c227c0ed371771ffda256034427320870e8ea2e4fd0c0a618c766e7c49aad73"},
    {file = "hiredis-1.1.0-cp38-cp38-manylinux1_x86_64.whl", hash = "sha256:0a909bf501459062aa1552be1461456518f367379fdc9fdb1f2ca5e4a1fdd7c0"},
    {file = "hiredis-1.1.0-cp38-cp38-manylinux2010_i686.whl", hash = "sha256:1e4cbbc3858ec7e680006e5ca590d89a5e083235988f26a004acf7244389ac01"},
    {file = "hiredis-1.1.0-cp38-cp38-manylinux2010_x86_64.whl", hash = "sha256:a7bf1492429f18d205f3a818da3ff1f242f60aa59006e53dee00b4ef592a3363"},
    {file = "hiredis-1.1.0-cp38-cp38-win32.whl", hash = "sha256:bcc371151d1512201d0214c36c0c150b1dc64f19c2b1a8c9cb1d7c7c15ebd93f"},
    {file = "hiredis-1.1.0-cp38-cp38-win_amd64.whl", hash = "sha256:e64be68255234bb489a574c4f2f8df7029c98c81ec4d160d6cd836e7f0679390"},
    {file = "hiredis-1.1.0-pp27-pypy_73-manylinux1_x86_64.whl", hash = "sha256:8968eeaa4d37a38f8ca1f9dbe53526b69628edc9c42229a5b2f56d98bb828c1f"},
    {file = "hiredis-1.1.0-pp27-pypy_73-manylinux2010_x86_64.whl", hash = "sha256:b253fe4df2afea4dfa6b1fa8c5fef212aff8bcaaeb4207e81eed05cb5e4a7919"},
    {file = "hiredis-1.1.0-pp27-pypy_73-win32.whl", hash = "sha256:969843fbdfbf56cdb71da6f0bdf50f9985b8b8aeb630102945306cf10a9c6af2"},
    {file = "hiredis-1.1.0-pp36-pypy36_pp73-manylinux1_x86_64.whl", hash = "sha256:e2e023a42dcbab8ed31f97c2bcdb980b7fbe0ada34037d87ba9d799664b58ded"},
    {file = "hiredis-1.1.0-pp36-pypy36_pp73-manylinux2010_x86_64.whl", hash = "sha256:06a039208f83744a702279b894c8cf24c14fd63c59cd917dcde168b79eef0680"},
    {file = "hiredis-1.1.0-pp36-pypy36_pp73-win32.whl", hash = "sha256:3ef2183de67b59930d2db8b8e8d4d58e00a50fcc5e92f4f678f6eed7a1c72d55"},
    {file = "hiredis-1.1.0.tar.gz", hash = "sha256:996021ef33e0f50b97ff2d6b5f422a0fe5577de21a8873b58a779a5ddd1c3132"},
]
humanize = [
    {file = "humanize-2.6.0-py3-none-any.whl", hash = "sha256:fd5b32945687443d5b8bc1e02fad027da1d293a9e963b3450122ad98ef534f21"},
    {file = "humanize-2.6.0.tar.gz", hash = "sha256:8ee358ea6c23de896b9d1925ebe6a8504bb2ba7e98d5ccf4d07ab7f3b28f3819"},
]
idna = [
    {file = "idna-2.10-py2.py3-none-any.whl", hash = "sha256:b97d804b1e9b523befed77c48dacec60e6dcb0b5391d57af6a65a312a90648c0"},
    {file = "idna-2.10.tar.gz", hash = "sha256:b307872f855b18632ce0c21c5e45be78c0ea7ae4c15c828c20788b26921eb3f6"},
]
import-expression = [
    {file = "import_expression-1.1.4-py3-none-any.whl", hash = "sha256:292099910a4dcc65ba562377cd2265487ba573dd63d73bdee5deec36ca49555b"},
    {file = "import_expression-1.1.4.tar.gz", hash = "sha256:06086a6ab3bfa528b1c478e633d6adf2b3a990e31440f6401b0f3ea12b0659a9"},
]
importlib-metadata = [
    {file = "importlib_metadata-1.7.0-py2.py3-none-any.whl", hash = "sha256:dc15b2969b4ce36305c51eebe62d418ac7791e9a157911d58bfb1f9ccd8e2070"},
    {file = "importlib_metadata-1.7.0.tar.gz", hash = "sha256:90bb658cdbbf6d1735b6341ce708fc7024a3e14e99ffdc5783edea9f9b077f83"},
]
isort = [
    {file = "isort-5.4.2-py3-none-any.whl", hash = "sha256:60a1b97e33f61243d12647aaaa3e6cc6778f5eb9f42997650f1cc975b6008750"},
    {file = "isort-5.4.2.tar.gz", hash = "sha256:d488ba1c5a2db721669cc180180d5acf84ebdc5af7827f7aaeaa75f73cf0e2b8"},
]
jishaku = [
    {file = "jishaku-1.19.1.200-py3-none-any.whl", hash = "sha256:39ddc1dd1239025e4992bc9d81c1c456938800c6e27c04d6e877cac1cf741376"},
    {file = "jishaku-1.19.1.200-py3.6.egg", hash = "sha256:b7acf0ce5c1042ae2b7dfb6ee5cd0c2d9cbb099af79eb36762e1784c1348a7f7"},
    {file = "jishaku-1.19.1.200-py3.7.egg", hash = "sha256:3d2e810771a1f5e334ca6ca445bdbcf87d217cced03b02450f7879efb374aee8"},
    {file = "jishaku-1.19.1.200-py3.8.egg", hash = "sha256:90ee99a42339ac2053f15ca79d91cf29087550b8e3f1bd401a2fda656c99120b"},
    {file = "jishaku-1.19.1.200-py3.9.egg", hash = "sha256:62f1598bf635ef32f0121b6e72001f0453c8c060d8cfcb8ef89dbc289a992beb"},
    {file = "jishaku-1.19.1.200.tar.gz", hash = "sha256:f1eb44b51273fdfeb73652cd94812ae2874deb73b1091b3beb81e28e39e37ef1"},
]
lru-dict = [
    {file = "lru-dict-1.1.6.tar.gz", hash = "sha256:365457660e3d05b76f1aba3e0f7fedbfcd6528e97c5115a351ddd0db488354cc"},
]
mccabe = [
    {file = "mccabe-0.6.1-py2.py3-none-any.whl", hash = "sha256:ab8a6258860da4b6677da4bd2fe5dc2c659cff31b3ee4f7f5d64e79735b80d42"},
    {file = "mccabe-0.6.1.tar.gz", hash = "sha256:dd8d182285a0fe56bace7f45b5e7d1a6ebcbf524e8f3bd87eb0f125271b8831f"},
]
multidict = [
    {file = "multidict-4.7.6-cp35-cp35m-macosx_10_14_x86_64.whl", hash = "sha256:275ca32383bc5d1894b6975bb4ca6a7ff16ab76fa622967625baeebcf8079000"},
    {file = "multidict-4.7.6-cp35-cp35m-manylinux1_x86_64.whl", hash = "sha256:1ece5a3369835c20ed57adadc663400b5525904e53bae59ec854a5d36b39b21a"},
    {file = "multidict-4.7.6-cp35-cp35m-win32.whl", hash = "sha256:5141c13374e6b25fe6bf092052ab55c0c03d21bd66c94a0e3ae371d3e4d865a5"},
    {file = "multidict-4.7.6-cp35-cp35m-win_amd64.whl", hash = "sha256:9456e90649005ad40558f4cf51dbb842e32807df75146c6d940b6f5abb4a78f3"},
    {file = "multidict-4.7.6-cp36-cp36m-macosx_10_14_x86_64.whl", hash = "sha256:e0d072ae0f2a179c375f67e3da300b47e1a83293c554450b29c900e50afaae87"},
    {file = "multidict-4.7.6-cp36-cp36m-manylinux1_x86_64.whl", hash = "sha256:3750f2205b800aac4bb03b5ae48025a64e474d2c6cc79547988ba1d4122a09e2"},
    {file = "multidict-4.7.6-cp36-cp36m-win32.whl", hash = "sha256:f07acae137b71af3bb548bd8da720956a3bc9f9a0b87733e0899226a2317aeb7"},
    {file = "multidict-4.7.6-cp36-cp36m-win_amd64.whl", hash = "sha256:6513728873f4326999429a8b00fc7ceddb2509b01d5fd3f3be7881a257b8d463"},
    {file = "multidict-4.7.6-cp37-cp37m-macosx_10_14_x86_64.whl", hash = "sha256:feed85993dbdb1dbc29102f50bca65bdc68f2c0c8d352468c25b54874f23c39d"},
    {file = "multidict-4.7.6-cp37-cp37m-manylinux1_x86_64.whl", hash = "sha256:fcfbb44c59af3f8ea984de67ec7c306f618a3ec771c2843804069917a8f2e255"},
    {file = "multidict-4.7.6-cp37-cp37m-win32.whl", hash = "sha256:4538273208e7294b2659b1602490f4ed3ab1c8cf9dbdd817e0e9db8e64be2507"},
    {file = "multidict-4.7.6-cp37-cp37m-win_amd64.whl", hash = "sha256:d14842362ed4cf63751648e7672f7174c9818459d169231d03c56e84daf90b7c"},
    {file = "multidict-4.7.6-cp38-cp38-macosx_10_14_x86_64.whl", hash = "sha256:c026fe9a05130e44157b98fea3ab12969e5b60691a276150db9eda71710cd10b"},
    {file = "multidict-4.7.6-cp38-cp38-manylinux1_x86_64.whl", hash = "sha256:51a4d210404ac61d32dada00a50ea7ba412e6ea945bbe992e4d7a595276d2ec7"},
    {file = "multidict-4.7.6-cp38-cp38-win32.whl", hash = "sha256:5cf311a0f5ef80fe73e4f4c0f0998ec08f954a6ec72b746f3c179e37de1d210d"},
    {file = "multidict-4.7.6-cp38-cp38-win_amd64.whl", hash = "sha256:7388d2ef3c55a8ba80da62ecfafa06a1c097c18032a501ffd4cabbc52d7f2b19"},
    {file = "multidict-4.7.6.tar.gz", hash = "sha256:fbb77a75e529021e7c4a8d4e823d88ef4d23674a202be4f5addffc72cbb91430"},
]
parsedatetime = [
    {file = "parsedatetime-2.6-py3-none-any.whl", hash = "sha256:cb96edd7016872f58479e35879294258c71437195760746faffedb692aef000b"},
    {file = "parsedatetime-2.6.tar.gz", hash = "sha256:4cb368fbb18a0b7231f4d76119165451c8d2e35951455dfee97c62a87b04d455"},
]
pillow = [
    {file = "Pillow-7.2.0-cp35-cp35m-macosx_10_10_intel.whl", hash = "sha256:1ca594126d3c4def54babee699c055a913efb01e106c309fa6b04405d474d5ae"},
    {file = "Pillow-7.2.0-cp35-cp35m-manylinux1_i686.whl", hash = "sha256:c92302a33138409e8f1ad16731568c55c9053eee71bb05b6b744067e1b62380f"},
    {file = "Pillow-7.2.0-cp35-cp35m-manylinux1_x86_64.whl", hash = "sha256:8dad18b69f710bf3a001d2bf3afab7c432785d94fcf819c16b5207b1cfd17d38"},
    {file = "Pillow-7.2.0-cp35-cp35m-manylinux2014_aarch64.whl", hash = "sha256:431b15cffbf949e89df2f7b48528be18b78bfa5177cb3036284a5508159492b5"},
    {file = "Pillow-7.2.0-cp35-cp35m-win32.whl", hash = "sha256:09d7f9e64289cb40c2c8d7ad674b2ed6105f55dc3b09aa8e4918e20a0311e7ad"},
    {file = "Pillow-7.2.0-cp35-cp35m-win_amd64.whl", hash = "sha256:0295442429645fa16d05bd567ef5cff178482439c9aad0411d3f0ce9b88b3a6f"},
    {file = "Pillow-7.2.0-cp36-cp36m-macosx_10_10_x86_64.whl", hash = "sha256:ec29604081f10f16a7aea809ad42e27764188fc258b02259a03a8ff7ded3808d"},
    {file = "Pillow-7.2.0-cp36-cp36m-manylinux1_i686.whl", hash = "sha256:612cfda94e9c8346f239bf1a4b082fdd5c8143cf82d685ba2dba76e7adeeb233"},
    {file = "Pillow-7.2.0-cp36-cp36m-manylinux1_x86_64.whl", hash = "sha256:0a80dd307a5d8440b0a08bd7b81617e04d870e40a3e46a32d9c246e54705e86f"},
    {file = "Pillow-7.2.0-cp36-cp36m-manylinux2014_aarch64.whl", hash = "sha256:06aba4169e78c439d528fdeb34762c3b61a70813527a2c57f0540541e9f433a8"},
    {file = "Pillow-7.2.0-cp36-cp36m-win32.whl", hash = "sha256:f7e30c27477dffc3e85c2463b3e649f751789e0f6c8456099eea7ddd53be4a8a"},
    {file = "Pillow-7.2.0-cp36-cp36m-win_amd64.whl", hash = "sha256:ffe538682dc19cc542ae7c3e504fdf54ca7f86fb8a135e59dd6bc8627eae6cce"},
    {file = "Pillow-7.2.0-cp37-cp37m-macosx_10_10_x86_64.whl", hash = "sha256:94cf49723928eb6070a892cb39d6c156f7b5a2db4e8971cb958f7b6b104fb4c4"},
    {file = "Pillow-7.2.0-cp37-cp37m-manylinux1_i686.whl", hash = "sha256:6edb5446f44d901e8683ffb25ebdfc26988ee813da3bf91e12252b57ac163727"},
    {file = "Pillow-7.2.0-cp37-cp37m-manylinux1_x86_64.whl", hash = "sha256:52125833b070791fcb5710fabc640fc1df07d087fc0c0f02d3661f76c23c5b8b"},
    {file = "Pillow-7.2.0-cp37-cp37m-manylinux2014_aarch64.whl", hash = "sha256:9ad7f865eebde135d526bb3163d0b23ffff365cf87e767c649550964ad72785d"},
    {file = "Pillow-7.2.0-cp37-cp37m-win32.whl", hash = "sha256:c79f9c5fb846285f943aafeafda3358992d64f0ef58566e23484132ecd8d7d63"},
    {file = "Pillow-7.2.0-cp37-cp37m-win_amd64.whl", hash = "sha256:d350f0f2c2421e65fbc62690f26b59b0bcda1b614beb318c81e38647e0f673a1"},
    {file = "Pillow-7.2.0-cp38-cp38-macosx_10_10_x86_64.whl", hash = "sha256:6d7741e65835716ceea0fd13a7d0192961212fd59e741a46bbed7a473c634ed6"},
    {file = "Pillow-7.2.0-cp38-cp38-manylinux1_i686.whl", hash = "sha256:edf31f1150778abd4322444c393ab9c7bd2af271dd4dafb4208fb613b1f3cdc9"},
    {file = "Pillow-7.2.0-cp38-cp38-manylinux1_x86_64.whl", hash = "sha256:d08b23fdb388c0715990cbc06866db554e1822c4bdcf6d4166cf30ac82df8c41"},
    {file = "Pillow-7.2.0-cp38-cp38-manylinux2014_aarch64.whl", hash = "sha256:5e51ee2b8114def244384eda1c82b10e307ad9778dac5c83fb0943775a653cd8"},
    {file = "Pillow-7.2.0-cp38-cp38-win32.whl", hash = "sha256:725aa6cfc66ce2857d585f06e9519a1cc0ef6d13f186ff3447ab6dff0a09bc7f"},
    {file = "Pillow-7.2.0-cp38-cp38-win_amd64.whl", hash = "sha256:a060cf8aa332052df2158e5a119303965be92c3da6f2d93b6878f0ebca80b2f6"},
    {file = "Pillow-7.2.0-pp36-pypy36_pp73-macosx_10_10_x86_64.whl", hash = "sha256:9c87ef410a58dd54b92424ffd7e28fd2ec65d2f7fc02b76f5e9b2067e355ebf6"},
    {file = "Pillow-7.2.0-pp36-pypy36_pp73-manylinux2010_x86_64.whl", hash = "sha256:e901964262a56d9ea3c2693df68bc9860b8bdda2b04768821e4c44ae797de117"},
    {file = "Pillow-7.2.0-pp36-pypy36_pp73-win32.whl", hash = "sha256:25930fadde8019f374400f7986e8404c8b781ce519da27792cbe46eabec00c4d"},
    {file = "Pillow-7.2.0.tar.gz", hash = "sha256:97f9e7953a77d5a70f49b9a48da7776dc51e9b738151b22dacf101641594a626"},
]
psutil = [
    {file = "psutil-5.7.2-cp27-none-win32.whl", hash = "sha256:f2018461733b23f308c298653c8903d32aaad7873d25e1d228765e91ae42c3f2"},
    {file = "psutil-5.7.2-cp27-none-win_amd64.whl", hash = "sha256:66c18ca7680a31bf16ee22b1d21b6397869dda8059dbdb57d9f27efa6615f195"},
    {file = "psutil-5.7.2-cp35-cp35m-win32.whl", hash = "sha256:5e9d0f26d4194479a13d5f4b3798260c20cecf9ac9a461e718eb59ea520a360c"},
    {file = "psutil-5.7.2-cp35-cp35m-win_amd64.whl", hash = "sha256:4080869ed93cce662905b029a1770fe89c98787e543fa7347f075ade761b19d6"},
    {file = "psutil-5.7.2-cp36-cp36m-win32.whl", hash = "sha256:d8a82162f23c53b8525cf5f14a355f5d1eea86fa8edde27287dd3a98399e4fdf"},
    {file = "psutil-5.7.2-cp36-cp36m-win_amd64.whl", hash = "sha256:0ee3c36428f160d2d8fce3c583a0353e848abb7de9732c50cf3356dd49ad63f8"},
    {file = "psutil-5.7.2-cp37-cp37m-win32.whl", hash = "sha256:ff1977ba1a5f71f89166d5145c3da1cea89a0fdb044075a12c720ee9123ec818"},
    {file = "psutil-5.7.2-cp37-cp37m-win_amd64.whl", hash = "sha256:a5b120bb3c0c71dfe27551f9da2f3209a8257a178ed6c628a819037a8df487f1"},
    {file = "psutil-5.7.2-cp38-cp38-win32.whl", hash = "sha256:10512b46c95b02842c225f58fa00385c08fa00c68bac7da2d9a58ebe2c517498"},
    {file = "psutil-5.7.2-cp38-cp38-win_amd64.whl", hash = "sha256:68d36986ded5dac7c2dcd42f2682af1db80d4bce3faa126a6145c1637e1b559f"},
    {file = "psutil-5.7.2.tar.gz", hash = "sha256:90990af1c3c67195c44c9a889184f84f5b2320dce3ee3acbd054e3ba0b4a7beb"},
]
pycodestyle = [
    {file = "pycodestyle-2.6.0-py2.py3-none-any.whl", hash = "sha256:2295e7b2f6b5bd100585ebcb1f616591b652db8a741695b3d8f5d28bdc934367"},
    {file = "pycodestyle-2.6.0.tar.gz", hash = "sha256:c58a7d2815e0e8d7972bf1803331fb0152f867bd89adf8a01dfd55085434192e"},
]
pyflakes = [
    {file = "pyflakes-2.2.0-py2.py3-none-any.whl", hash = "sha256:0d94e0e05a19e57a99444b6ddcf9a6eb2e5c68d3ca1e98e90707af8152c90a92"},
    {file = "pyflakes-2.2.0.tar.gz", hash = "sha256:35b2d75ee967ea93b55750aa9edbbf72813e06a66ba54438df2cfac9e3c27fc8"},
]
python-dateutil = [
    {file = "python-dateutil-2.8.1.tar.gz", hash = "sha256:73ebfe9dbf22e832286dafa60473e4cd239f8592f699aa5adaf10050e6e1823c"},
    {file = "python_dateutil-2.8.1-py2.py3-none-any.whl", hash = "sha256:75bb3f31ea686f1197762692a9ee6a7550b59fc6ca3a1f4b5d7e32fb98e2da2a"},
]
python-levenshtein = [
    {file = "python-Levenshtein-0.12.0.tar.gz", hash = "sha256:033a11de5e3d19ea25c9302d11224e1a1898fe5abd23c61c7c360c25195e3eb1"},
]
sentry-sdk = [
    {file = "sentry-sdk-0.16.5.tar.gz", hash = "sha256:e12eb1c2c01cd9e9cfe70608dbda4ef451f37ef0b7cbb92e5d43f87c341d6334"},
    {file = "sentry_sdk-0.16.5-py2.py3-none-any.whl", hash = "sha256:d359609e23ec9360b61e5ffdfa417e2f6bca281bfb869608c98c169c7e64acd5"},
]
six = [
    {file = "six-1.15.0-py2.py3-none-any.whl", hash = "sha256:8b74bedcbbbaca38ff6d7491d76f2b06b3592611af620f8426e82dddb04a5ced"},
    {file = "six-1.15.0.tar.gz", hash = "sha256:30639c035cdb23534cd4aa2dd52c3bf48f06e5f4a941509c8bafd8ce11080259"},
]
tabulate = [
    {file = "tabulate-0.8.7-py3-none-any.whl", hash = "sha256:ac64cb76d53b1231d364babcd72abbb16855adac7de6665122f97b593f1eb2ba"},
    {file = "tabulate-0.8.7.tar.gz", hash = "sha256:db2723a20d04bcda8522165c73eea7c300eda74e0ce852d9022e0159d7895007"},
]
toml = [
    {file = "toml-0.10.1-py2.py3-none-any.whl", hash = "sha256:bda89d5935c2eac546d648028b9901107a595863cb36bae0c73ac804a9b4ce88"},
    {file = "toml-0.10.1.tar.gz", hash = "sha256:926b612be1e5ce0634a2ca03470f95169cf16f939018233a670519cb4ac58b0f"},
]
typing-extensions = [
    {file = "typing_extensions-3.7.4.2-py2-none-any.whl", hash = "sha256:f8d2bd89d25bc39dabe7d23df520442fa1d8969b82544370e03d88b5a591c392"},
    {file = "typing_extensions-3.7.4.2-py3-none-any.whl", hash = "sha256:6e95524d8a547a91e08f404ae485bbb71962de46967e1b71a0cb89af24e761c5"},
    {file = "typing_extensions-3.7.4.2.tar.gz", hash = "sha256:79ee589a3caca649a9bfd2a8de4709837400dfa00b6cc81962a1e6a1815969ae"},
]
urllib3 = [
    {file = "urllib3-1.25.10-py2.py3-none-any.whl", hash = "sha256:e7983572181f5e1522d9c98453462384ee92a0be7fac5f1413a1e35c56cc0461"},
    {file = "urllib3-1.25.10.tar.gz", hash = "sha256:91056c15fa70756691db97756772bb1eb9678fa585d9184f24534b100dc60f4a"},
]
uvloop = [
    {file = "uvloop-0.14.0-cp35-cp35m-macosx_10_11_x86_64.whl", hash = "sha256:08b109f0213af392150e2fe6f81d33261bb5ce968a288eb698aad4f46eb711bd"},
    {file = "uvloop-0.14.0-cp35-cp35m-manylinux2010_x86_64.whl", hash = "sha256:4544dcf77d74f3a84f03dd6278174575c44c67d7165d4c42c71db3fdc3860726"},
    {file = "uvloop-0.14.0-cp36-cp36m-macosx_10_11_x86_64.whl", hash = "sha256:b4f591aa4b3fa7f32fb51e2ee9fea1b495eb75b0b3c8d0ca52514ad675ae63f7"},
    {file = "uvloop-0.14.0-cp36-cp36m-manylinux2010_x86_64.whl", hash = "sha256:f07909cd9fc08c52d294b1570bba92186181ca01fe3dc9ffba68955273dd7362"},
    {file = "uvloop-0.14.0-cp37-cp37m-macosx_10_11_x86_64.whl", hash = "sha256:afd5513c0ae414ec71d24f6f123614a80f3d27ca655a4fcf6cabe50994cc1891"},
    {file = "uvloop-0.14.0-cp37-cp37m-manylinux2010_x86_64.whl", hash = "sha256:e7514d7a48c063226b7d06617cbb12a14278d4323a065a8d46a7962686ce2e95"},
    {file = "uvloop-0.14.0-cp38-cp38-macosx_10_11_x86_64.whl", hash = "sha256:bcac356d62edd330080aed082e78d4b580ff260a677508718f88016333e2c9c5"},
    {file = "uvloop-0.14.0-cp38-cp38-manylinux2010_x86_64.whl", hash = "sha256:4315d2ec3ca393dd5bc0b0089d23101276778c304d42faff5dc4579cb6caef09"},
    {file = "uvloop-0.14.0.tar.gz", hash = "sha256:123ac9c0c7dd71464f58f1b4ee0bbd81285d96cdda8bc3519281b8973e3a461e"},
]
uwuify = [
    {file = "uwuify-1.0.1-py3-none-any.whl", hash = "sha256:3d74b972e84314484c74a041a8beb0b3445d7c620825ebf50b78822232c6420c"},
    {file = "uwuify-1.0.1.tar.gz", hash = "sha256:c2a76ab339301199a6568ef0805e61ad9f72e6af6728e19f9627dc8f5a6fc242"},
]
wheel = [
    {file = "wheel-0.35.1-py2.py3-none-any.whl", hash = "sha256:497add53525d16c173c2c1c733b8f655510e909ea78cc0e29d374243544b77a2"},
    {file = "wheel-0.35.1.tar.gz", hash = "sha256:99a22d87add3f634ff917310a3d87e499f19e663413a52eb9232c447aa646c9f"},
]
yarl = [
    {file = "yarl-1.5.1-cp35-cp35m-macosx_10_14_x86_64.whl", hash = "sha256:db6db0f45d2c63ddb1a9d18d1b9b22f308e52c83638c26b422d520a815c4b3fb"},
    {file = "yarl-1.5.1-cp35-cp35m-manylinux1_x86_64.whl", hash = "sha256:17668ec6722b1b7a3a05cc0167659f6c95b436d25a36c2d52db0eca7d3f72593"},
    {file = "yarl-1.5.1-cp35-cp35m-win32.whl", hash = "sha256:040b237f58ff7d800e6e0fd89c8439b841f777dd99b4a9cca04d6935564b9409"},
    {file = "yarl-1.5.1-cp35-cp35m-win_amd64.whl", hash = "sha256:f18d68f2be6bf0e89f1521af2b1bb46e66ab0018faafa81d70f358153170a317"},
    {file = "yarl-1.5.1-cp36-cp36m-macosx_10_14_x86_64.whl", hash = "sha256:c52ce2883dc193824989a9b97a76ca86ecd1fa7955b14f87bf367a61b6232511"},
    {file = "yarl-1.5.1-cp36-cp36m-manylinux1_x86_64.whl", hash = "sha256:ce584af5de8830d8701b8979b18fcf450cef9a382b1a3c8ef189bedc408faf1e"},
    {file = "yarl-1.5.1-cp36-cp36m-win32.whl", hash = "sha256:df89642981b94e7db5596818499c4b2219028f2a528c9c37cc1de45bf2fd3a3f"},
    {file = "yarl-1.5.1-cp36-cp36m-win_amd64.whl", hash = "sha256:3a584b28086bc93c888a6c2aa5c92ed1ae20932f078c46509a66dce9ea5533f2"},
    {file = "yarl-1.5.1-cp37-cp37m-macosx_10_14_x86_64.whl", hash = "sha256:da456eeec17fa8aa4594d9a9f27c0b1060b6a75f2419fe0c00609587b2695f4a"},
    {file = "yarl-1.5.1-cp37-cp37m-manylinux1_x86_64.whl", hash = "sha256:bc2f976c0e918659f723401c4f834deb8a8e7798a71be4382e024bcc3f7e23a8"},
    {file = "yarl-1.5.1-cp37-cp37m-win32.whl", hash = "sha256:4439be27e4eee76c7632c2427ca5e73703151b22cae23e64adb243a9c2f565d8"},
    {file = "yarl-1.5.1-cp37-cp37m-win_amd64.whl", hash = "sha256:48e918b05850fffb070a496d2b5f97fc31d15d94ca33d3d08a4f86e26d4e7c5d"},
    {file = "yarl-1.5.1-cp38-cp38-macosx_10_14_x86_64.whl", hash = "sha256:9b930776c0ae0c691776f4d2891ebc5362af86f152dd0da463a6614074cb1b02"},
    {file = "yarl-1.5.1-cp38-cp38-manylinux1_x86_64.whl", hash = "sha256:b3b9ad80f8b68519cc3372a6ca85ae02cc5a8807723ac366b53c0f089db19e4a"},
    {file = "yarl-1.5.1-cp38-cp38-win32.whl", hash = "sha256:f379b7f83f23fe12823085cd6b906edc49df969eb99757f58ff382349a3303c6"},
    {file = "yarl-1.5.1-cp38-cp38-win_amd64.whl", hash = "sha256:9102b59e8337f9874638fcfc9ac3734a0cfadb100e47d55c20d0dc6087fb4692"},
    {file = "yarl-1.5.1.tar.gz", hash = "sha256:c22c75b5f394f3d47105045ea551e08a3e804dc7e01b37800ca35b58f856c3d6"},
]
zipp = [
    {file = "zipp-3.1.0-py3-none-any.whl", hash = "sha256:aa36550ff0c0b7ef7fa639055d797116ee891440eac1a56f378e2d3179e0320b"},
    {file = "zipp-3.1.0.tar.gz", hash = "sha256:c599e4d75c98f6798c509911d08a22e6c021d074469042177c8c86fb92eefd96"},
]
